
Microsoft Visual Studio Solution File, Format Version 12.00
Project("{FAE04EC0-301F-11D3-BF4B-00C04F79EFBC}") = "Discounts.API", "Discounts.API\Discounts.API.csproj", "{6346F882-54E7-47D7-89D5-398BDD735190}"
EndProject
Project("{2150E333-8FDC-42A3-9474-1A3956D46DE8}") = "src", "src", "{E30B5D54-7327-4A96-8EFA-C14943734E76}"
EndProject
Project("{2150E333-8FDC-42A3-9474-1A3956D46DE8}") = "core", "core", "{969314B2-61B8-43FE-B24A-BCD77874BA28}"
EndProject
Project("{2150E333-8FDC-42A3-9474-1A3956D46DE8}") = "infrustructure", "infrustructure", "{CEBE09CA-91C7-4804-BABF-DCC878D33DA0}"
EndProject
Project("{2150E333-8FDC-42A3-9474-1A3956D46DE8}") = "presentation", "presentation", "{96921A57-A8F1-44BB-B9BB-30218F6F1CE1}"
EndProject
Project("{FAE04EC0-301F-11D3-BF4B-00C04F79EFBC}") = "Discounts.Domain", "Discounts.Domain\Discounts.Domain.csproj", "{E6E90EF5-6F4D-4B4A-AC2C-0B702AEB5624}"
EndProject
Project("{FAE04EC0-301F-11D3-BF4B-00C04F79EFBC}") = "Discounts.Persistance", "Discounts.Persistance\Discounts.Persistance.csproj", "{262F30C8-EAF5-42D9-A008-819F28D3D3D2}"
EndProject
Project("{FAE04EC0-301F-11D3-BF4B-00C04F79EFBC}") = "Discounts.Infrustructure", "Discounts.Infrustructure\Discounts.Infrustructure.csproj", "{5B1218FB-5333-4324-BBC1-2366CD22F94F}"
EndProject
Project("{FAE04EC0-301F-11D3-BF4B-00C04F79EFBC}") = "Discounts.Application", "Discounts.Application\Discounts.Application.csproj", "{F17934BA-4AC3-4057-AD8D-D25FA6CF950C}"
EndProject
Project("{FAE04EC0-301F-11D3-BF4B-00C04F79EFBC}") = "Discounts.Worker", "Discounts.Worker\Discounts.Worker.csproj", "{8B330072-1374-4074-8799-9AE31D2DD825}"
EndProject
Project("{FAE04EC0-301F-11D3-BF4B-00C04F79EFBC}") = "Discounts.Web", "Discounts.Web\Discounts.Web.csproj", "{38FF47D3-CD68-46F4-919D-2B1B8448B118}"
EndProject
Project("{2150E333-8FDC-42A3-9474-1A3956D46DE8}") = "Tests", "Tests", "{D22DE7DF-1AB4-4864-9407-0263971F50D0}"
EndProject
Project("{FAE04EC0-301F-11D3-BF4B-00C04F79EFBC}") = "Discounts.Application.Tests", "Discounts.Application.Tests\Discounts.Application.Tests.csproj", "{D86A4A9D-F47F-4978-A469-3F85016DAF19}"
EndProject
Global
	GlobalSection(SolutionConfigurationPlatforms) = preSolution
		Debug|Any CPU = Debug|Any CPU
		Release|Any CPU = Release|Any CPU
	EndGlobalSection
	GlobalSection(ProjectConfigurationPlatforms) = postSolution
		{6346F882-54E7-47D7-89D5-398BDD735190}.Debug|Any CPU.ActiveCfg = Debug|Any CPU
		{6346F882-54E7-47D7-89D5-398BDD735190}.Debug|Any CPU.Build.0 = Debug|Any CPU
		{6346F882-54E7-47D7-89D5-398BDD735190}.Release|Any CPU.ActiveCfg = Release|Any CPU
		{6346F882-54E7-47D7-89D5-398BDD735190}.Release|Any CPU.Build.0 = Release|Any CPU
		{E6E90EF5-6F4D-4B4A-AC2C-0B702AEB5624}.Debug|Any CPU.ActiveCfg = Debug|Any CPU
		{E6E90EF5-6F4D-4B4A-AC2C-0B702AEB5624}.Debug|Any CPU.Build.0 = Debug|Any CPU
		{E6E90EF5-6F4D-4B4A-AC2C-0B702AEB5624}.Release|Any CPU.ActiveCfg = Release|Any CPU
		{E6E90EF5-6F4D-4B4A-AC2C-0B702AEB5624}.Release|Any CPU.Build.0 = Release|Any CPU
		{262F30C8-EAF5-42D9-A008-819F28D3D3D2}.Debug|Any CPU.ActiveCfg = Debug|Any CPU
		{262F30C8-EAF5-42D9-A008-819F28D3D3D2}.Debug|Any CPU.Build.0 = Debug|Any CPU
		{262F30C8-EAF5-42D9-A008-819F28D3D3D2}.Release|Any CPU.ActiveCfg = Release|Any CPU
		{262F30C8-EAF5-42D9-A008-819F28D3D3D2}.Release|Any CPU.Build.0 = Release|Any CPU
		{5B1218FB-5333-4324-BBC1-2366CD22F94F}.Debug|Any CPU.ActiveCfg = Debug|Any CPU
		{5B1218FB-5333-4324-BBC1-2366CD22F94F}.Debug|Any CPU.Build.0 = Debug|Any CPU
		{5B1218FB-5333-4324-BBC1-2366CD22F94F}.Release|Any CPU.ActiveCfg = Release|Any CPU
		{5B1218FB-5333-4324-BBC1-2366CD22F94F}.Release|Any CPU.Build.0 = Release|Any CPU
		{F17934BA-4AC3-4057-AD8D-D25FA6CF950C}.Debug|Any CPU.ActiveCfg = Debug|Any CPU
		{F17934BA-4AC3-4057-AD8D-D25FA6CF950C}.Debug|Any CPU.Build.0 = Debug|Any CPU
		{F17934BA-4AC3-4057-AD8D-D25FA6CF950C}.Release|Any CPU.ActiveCfg = Release|Any CPU
		{F17934BA-4AC3-4057-AD8D-D25FA6CF950C}.Release|Any CPU.Build.0 = Release|Any CPU
		{8B330072-1374-4074-8799-9AE31D2DD825}.Debug|Any CPU.ActiveCfg = Debug|Any CPU
		{8B330072-1374-4074-8799-9AE31D2DD825}.Debug|Any CPU.Build.0 = Debug|Any CPU
		{8B330072-1374-4074-8799-9AE31D2DD825}.Release|Any CPU.ActiveCfg = Release|Any CPU
		{8B330072-1374-4074-8799-9AE31D2DD825}.Release|Any CPU.Build.0 = Release|Any CPU
		{38FF47D3-CD68-46F4-919D-2B1B8448B118}.Debug|Any CPU.ActiveCfg = Debug|Any CPU
		{38FF47D3-CD68-46F4-919D-2B1B8448B118}.Debug|Any CPU.Build.0 = Debug|Any CPU
		{38FF47D3-CD68-46F4-919D-2B1B8448B118}.Release|Any CPU.ActiveCfg = Release|Any CPU
		{38FF47D3-CD68-46F4-919D-2B1B8448B118}.Release|Any CPU.Build.0 = Release|Any CPU
		{D86A4A9D-F47F-4978-A469-3F85016DAF19}.Debug|Any CPU.ActiveCfg = Debug|Any CPU
		{D86A4A9D-F47F-4978-A469-3F85016DAF19}.Debug|Any CPU.Build.0 = Debug|Any CPU
		{D86A4A9D-F47F-4978-A469-3F85016DAF19}.Release|Any CPU.ActiveCfg = Release|Any CPU
		{D86A4A9D-F47F-4978-A469-3F85016DAF19}.Release|Any CPU.Build.0 = Release|Any CPU
	EndGlobalSection
	GlobalSection(NestedProjects) = preSolution
		{969314B2-61B8-43FE-B24A-BCD77874BA28} = {E30B5D54-7327-4A96-8EFA-C14943734E76}
		{CEBE09CA-91C7-4804-BABF-DCC878D33DA0} = {E30B5D54-7327-4A96-8EFA-C14943734E76}
		{96921A57-A8F1-44BB-B9BB-30218F6F1CE1} = {E30B5D54-7327-4A96-8EFA-C14943734E76}
		{6346F882-54E7-47D7-89D5-398BDD735190} = {96921A57-A8F1-44BB-B9BB-30218F6F1CE1}
		{E6E90EF5-6F4D-4B4A-AC2C-0B702AEB5624} = {969314B2-61B8-43FE-B24A-BCD77874BA28}
		{262F30C8-EAF5-42D9-A008-819F28D3D3D2} = {CEBE09CA-91C7-4804-BABF-DCC878D33DA0}
		{5B1218FB-5333-4324-BBC1-2366CD22F94F} = {CEBE09CA-91C7-4804-BABF-DCC878D33DA0}
		{F17934BA-4AC3-4057-AD8D-D25FA6CF950C} = {969314B2-61B8-43FE-B24A-BCD77874BA28}
		{8B330072-1374-4074-8799-9AE31D2DD825} = {96921A57-A8F1-44BB-B9BB-30218F6F1CE1}
		{38FF47D3-CD68-46F4-919D-2B1B8448B118} = {96921A57-A8F1-44BB-B9BB-30218F6F1CE1}
		{D22DE7DF-1AB4-4864-9407-0263971F50D0} = {E30B5D54-7327-4A96-8EFA-C14943734E76}
		{D86A4A9D-F47F-4978-A469-3F85016DAF19} = {D22DE7DF-1AB4-4864-9407-0263971F50D0}
	EndGlobalSection
EndGlobal
